
Microsoft Visual Studio Solution File, Format Version 12.00
# Visual Studio Version 17
VisualStudioVersion = 17.1.32328.378
MinimumVisualStudioVersion = 10.0.40219.1
Project("{FAE04EC0-301F-11D3-BF4B-00C04F79EFBC}") = "говно осла", "говно осла\говно осла.csproj", "{0B5CA678-67F6-4E08-AD7C-2BD48D121735}"
EndProject
Global
	GlobalSection(SolutionConfigurationPlatforms) = preSolution
		Debug|Any CPU = Debug|Any CPU
		Release|Any CPU = Release|Any CPU
	EndGlobalSection
	GlobalSection(ProjectConfigurationPlatforms) = postSolution
		{0B5CA678-67F6-4E08-AD7C-2BD48D121735}.Debug|Any CPU.ActiveCfg = Debug|Any CPU
		{0B5CA678-67F6-4E08-AD7C-2BD48D121735}.Debug|Any CPU.Build.0 = Debug|Any CPU
		{0B5CA678-67F6-4E08-AD7C-2BD48D121735}.Release|Any CPU.ActiveCfg = Release|Any CPU
		{0B5CA678-67F6-4E08-AD7C-2BD48D121735}.Release|Any CPU.Build.0 = Release|Any CPU
	EndGlobalSection
	GlobalSection(SolutionProperties) = preSolution
		HideSolutionNode = FALSE
	EndGlobalSection
	GlobalSection(ExtensibilityGlobals) = postSolution
		SolutionGuid = {DF14942A-434F-4076-8D5E-82905233C52A}
	EndGlobalSection
EndGlobal
